# This file is automatically @generated by Cargo.
# It is not intended for manual editing.
version = 3

[[package]]
name = "embassy_crypto"
version = "0.1.0"
dependencies = [
 "unitrait",
]

[[package]]
name = "unitrait"
version = "1.0.0"
source = "registry+https://github.com/rust-lang/crates.io-index"
checksum = "b66b59b4e118746027256db08772826e9e0765e93b0bf15d2714a0ac0f940fbe"
